// !$*UTF8*$!
{
	archiveVersion = 1;
	classes = {
	};
	objectVersion = 56;
	objects = {

/* Begin PBXBuildFile section */
		8E479CF729CFDA45008162B0 /* MusicPlayerSwiftUIApp.swift in Sources */ = {isa = PBXBuildFile; fileRef = 8E479CF629CFDA45008162B0 /* MusicPlayerSwiftUIApp.swift */; };
		8E479CF929CFDA45008162B0 /* ListView.swift in Sources */ = {isa = PBXBuildFile; fileRef = 8E479CF829CFDA45008162B0 /* ListView.swift */; };
		8E479CFB29CFDA47008162B0 /* Assets.xcassets in Resources */ = {isa = PBXBuildFile; fileRef = 8E479CFA29CFDA47008162B0 /* Assets.xcassets */; };
		8E479CFE29CFDA47008162B0 /* Preview Assets.xcassets in Resources */ = {isa = PBXBuildFile; fileRef = 8E479CFD29CFDA47008162B0 /* Preview Assets.xcassets */; };
		8E479D0629CFDA78008162B0 /* ListViewModel.swift in Sources */ = {isa = PBXBuildFile; fileRef = 8E479D0529CFDA78008162B0 /* ListViewModel.swift */; };
		8E479D0929CFDA94008162B0 /* Formatting.swift in Sources */ = {isa = PBXBuildFile; fileRef = 8E479D0829CFDA94008162B0 /* Formatting.swift */; };
		8E479D0C29CFDABC008162B0 /* Constants.swift in Sources */ = {isa = PBXBuildFile; fileRef = 8E479D0B29CFDABC008162B0 /* Constants.swift */; };
		8E479D0F29CFDAE4008162B0 /* JSONModel.swift in Sources */ = {isa = PBXBuildFile; fileRef = 8E479D0E29CFDAE4008162B0 /* JSONModel.swift */; };
		8E479D1229CFDB00008162B0 /* ResultModel.swift in Sources */ = {isa = PBXBuildFile; fileRef = 8E479D1129CFDB00008162B0 /* ResultModel.swift */; };
		8E479D1429CFDB2A008162B0 /* NetworkManager.swift in Sources */ = {isa = PBXBuildFile; fileRef = 8E479D1329CFDB2A008162B0 /* NetworkManager.swift */; };
		8E479D1729CFDB47008162B0 /* ImageProvider.swift in Sources */ = {isa = PBXBuildFile; fileRef = 8E479D1629CFDB47008162B0 /* ImageProvider.swift */; };
		8E479D1929CFDB74008162B0 /* DetailsView.swift in Sources */ = {isa = PBXBuildFile; fileRef = 8E479D1829CFDB74008162B0 /* DetailsView.swift */; };
/* End PBXBuildFile section */

/* Begin PBXFileReference section */
		8E479CF329CFDA45008162B0 /* MusicPlayerSwiftUI.app */ = {isa = PBXFileReference; explicitFileType = wrapper.application; includeInIndex = 0; path = MusicPlayerSwiftUI.app; sourceTree = BUILT_PRODUCTS_DIR; };
		8E479CF629CFDA45008162B0 /* MusicPlayerSwiftUIApp.swift */ = {isa = PBXFileReference; lastKnownFileType = sourcecode.swift; path = MusicPlayerSwiftUIApp.swift; sourceTree = "<group>"; };
		8E479CF829CFDA45008162B0 /* ListView.swift */ = {isa = PBXFileReference; lastKnownFileType = sourcecode.swift; path = ListView.swift; sourceTree = "<group>"; };
		8E479CFA29CFDA47008162B0 /* Assets.xcassets */ = {isa = PBXFileReference; lastKnownFileType = folder.assetcatalog; path = Assets.xcassets; sourceTree = "<group>"; };
		8E479CFD29CFDA47008162B0 /* Preview Assets.xcassets */ = {isa = PBXFileReference; lastKnownFileType = folder.assetcatalog; path = "Preview Assets.xcassets"; sourceTree = "<group>"; };
		8E479D0529CFDA78008162B0 /* ListViewModel.swift */ = {isa = PBXFileReference; lastKnownFileType = sourcecode.swift; path = ListViewModel.swift; sourceTree = "<group>"; };
		8E479D0829CFDA94008162B0 /* Formatting.swift */ = {isa = PBXFileReference; lastKnownFileType = sourcecode.swift; path = Formatting.swift; sourceTree = "<group>"; };
		8E479D0B29CFDABC008162B0 /* Constants.swift */ = {isa = PBXFileReference; lastKnownFileType = sourcecode.swift; path = Constants.swift; sourceTree = "<group>"; };
		8E479D0E29CFDAE4008162B0 /* JSONModel.swift */ = {isa = PBXFileReference; lastKnownFileType = sourcecode.swift; path = JSONModel.swift; sourceTree = "<group>"; };
		8E479D1129CFDB00008162B0 /* ResultModel.swift */ = {isa = PBXFileReference; lastKnownFileType = sourcecode.swift; path = ResultModel.swift; sourceTree = "<group>"; };
		8E479D1329CFDB2A008162B0 /* NetworkManager.swift */ = {isa = PBXFileReference; lastKnownFileType = sourcecode.swift; path = NetworkManager.swift; sourceTree = "<group>"; };
		8E479D1629CFDB47008162B0 /* ImageProvider.swift */ = {isa = PBXFileReference; lastKnownFileType = sourcecode.swift; path = ImageProvider.swift; sourceTree = "<group>"; };
		8E479D1829CFDB74008162B0 /* DetailsView.swift */ = {isa = PBXFileReference; lastKnownFileType = sourcecode.swift; path = DetailsView.swift; sourceTree = "<group>"; };
/* End PBXFileReference section */

/* Begin PBXFrameworksBuildPhase section */
		8E479CF029CFDA45008162B0 /* Frameworks */ = {
			isa = PBXFrameworksBuildPhase;
			buildActionMask = 2147483647;
			files = (
			);
			runOnlyForDeploymentPostprocessing = 0;
		};
/* End PBXFrameworksBuildPhase section */

/* Begin PBXGroup section */
		8E479CEA29CFDA45008162B0 = {
			isa = PBXGroup;
			children = (
				8E479CF529CFDA45008162B0 /* MusicPlayerSwiftUI */,
				8E479CF429CFDA45008162B0 /* Products */,
			);
			sourceTree = "<group>";
		};
		8E479CF429CFDA45008162B0 /* Products */ = {
			isa = PBXGroup;
			children = (
				8E479CF329CFDA45008162B0 /* MusicPlayerSwiftUI.app */,
			);
			name = Products;
			sourceTree = "<group>";
		};
		8E479CF529CFDA45008162B0 /* MusicPlayerSwiftUI */ = {
			isa = PBXGroup;
			children = (
				8E479CF629CFDA45008162B0 /* MusicPlayerSwiftUIApp.swift */,
				8E479D0D29CFDABE008162B0 /* Constants */,
				8E479D1529CFDB34008162B0 /* API Handler */,
				8E479D1029CFDAEA008162B0 /* Model */,
				8E479D0729CFDA7A008162B0 /* View Model */,
				8E479D0A29CFDA9D008162B0 /* Formatting */,
				8E479D0429CFDA6A008162B0 /* View */,
				8E479CFA29CFDA47008162B0 /* Assets.xcassets */,
				8E479CFC29CFDA47008162B0 /* Preview Content */,
			);
			path = MusicPlayerSwiftUI;
			sourceTree = "<group>";
		};
		8E479CFC29CFDA47008162B0 /* Preview Content */ = {
			isa = PBXGroup;
			children = (
				8E479CFD29CFDA47008162B0 /* Preview Assets.xcassets */,
			);
			path = "Preview Content";
			sourceTree = "<group>";
		};
		8E479D0429CFDA6A008162B0 /* View */ = {
			isa = PBXGroup;
			children = (
				8E479CF829CFDA45008162B0 /* ListView.swift */,
				8E479D1829CFDB74008162B0 /* DetailsView.swift */,
			);
			path = View;
			sourceTree = "<group>";
		};
		8E479D0729CFDA7A008162B0 /* View Model */ = {
			isa = PBXGroup;
			children = (
				8E479D0529CFDA78008162B0 /* ListViewModel.swift */,
			);
			path = "View Model";
			sourceTree = "<group>";
		};
		8E479D0A29CFDA9D008162B0 /* Formatting */ = {
			isa = PBXGroup;
			children = (
				8E479D0829CFDA94008162B0 /* Formatting.swift */,
			);
			path = Formatting;
			sourceTree = "<group>";
		};
		8E479D0D29CFDABE008162B0 /* Constants */ = {
			isa = PBXGroup;
			children = (
				8E479D0B29CFDABC008162B0 /* Constants.swift */,
			);
			path = Constants;
			sourceTree = "<group>";
		};
		8E479D1029CFDAEA008162B0 /* Model */ = {
			isa = PBXGroup;
			children = (
				8E479D0E29CFDAE4008162B0 /* JSONModel.swift */,
				8E479D1129CFDB00008162B0 /* ResultModel.swift */,
			);
			path = Model;
			sourceTree = "<group>";
		};
		8E479D1529CFDB34008162B0 /* API Handler */ = {
			isa = PBXGroup;
			children = (
				8E479D1329CFDB2A008162B0 /* NetworkManager.swift */,
				8E479D1629CFDB47008162B0 /* ImageProvider.swift */,
			);
			path = "API Handler";
			sourceTree = "<group>";
		};
/* End PBXGroup section */

/* Begin PBXNativeTarget section */
		8E479CF229CFDA45008162B0 /* MusicPlayerSwiftUI */ = {
			isa = PBXNativeTarget;
			buildConfigurationList = 8E479D0129CFDA47008162B0 /* Build configuration list for PBXNativeTarget "MusicPlayerSwiftUI" */;
			buildPhases = (
				8E479CEF29CFDA45008162B0 /* Sources */,
				8E479CF029CFDA45008162B0 /* Frameworks */,
				8E479CF129CFDA45008162B0 /* Resources */,
			);
			buildRules = (
			);
			dependencies = (
			);
			name = MusicPlayerSwiftUI;
			productName = MusicPlayerSwiftUI;
			productReference = 8E479CF329CFDA45008162B0 /* MusicPlayerSwiftUI.app */;
			productType = "com.apple.product-type.application";
		};
/* End PBXNativeTarget section */

/* Begin PBXProject section */
		8E479CEB29CFDA45008162B0 /* Project object */ = {
			isa = PBXProject;
			attributes = {
				BuildIndependentTargetsInParallel = 1;
				LastSwiftUpdateCheck = 1420;
				LastUpgradeCheck = 1420;
				TargetAttributes = {
					8E479CF229CFDA45008162B0 = {
						CreatedOnToolsVersion = 14.2;
					};
				};
			};
			buildConfigurationList = 8E479CEE29CFDA45008162B0 /* Build configuration list for PBXProject "MusicPlayerSwiftUI" */;
			compatibilityVersion = "Xcode 14.0";
			developmentRegion = en;
			hasScannedForEncodings = 0;
			knownRegions = (
				en,
				Base,
			);
			mainGroup = 8E479CEA29CFDA45008162B0;
			productRefGroup = 8E479CF429CFDA45008162B0 /* Products */;
			projectDirPath = "";
			projectRoot = "";
			targets = (
				8E479CF229CFDA45008162B0 /* MusicPlayerSwiftUI */,
			);
		};
/* End PBXProject section */

/* Begin PBXResourcesBuildPhase section */
		8E479CF129CFDA45008162B0 /* Resources */ = {
			isa = PBXResourcesBuildPhase;
			buildActionMask = 2147483647;
			files = (
				8E479CFE29CFDA47008162B0 /* Preview Assets.xcassets in Resources */,
				8E479CFB29CFDA47008162B0 /* Assets.xcassets in Resources */,
			);
			runOnlyForDeploymentPostprocessing = 0;
		};
/* End PBXResourcesBuildPhase section */

/* Begin PBXSourcesBuildPhase section */
		8E479CEF29CFDA45008162B0 /* Sources */ = {
			isa = PBXSourcesBuildPhase;
			buildActionMask = 2147483647;
			files = (
				8E479D0C29CFDABC008162B0 /* Constants.swift in Sources */,
				8E479D1929CFDB74008162B0 /* DetailsView.swift in Sources */,
				8E479CF929CFDA45008162B0 /* ListView.swift in Sources */,
				8E479CF729CFDA45008162B0 /* MusicPlayerSwiftUIApp.swift in Sources */,
				8E479D0929CFDA94008162B0 /* Formatting.swift in Sources */,
				8E479D1429CFDB2A008162B0 /* NetworkManager.swift in Sources */,
				8E479D0629CFDA78008162B0 /* ListViewModel.swift in Sources */,
				8E479D1229CFDB00008162B0 /* ResultModel.swift in Sources */,
				8E479D0F29CFDAE4008162B0 /* JSONModel.swift in Sources */,
				8E479D1729CFDB47008162B0 /* ImageProvider.swift in Sources */,
			);
			runOnlyForDeploymentPostprocessing = 0;
		};
/* End PBXSourcesBuildPhase section */

/* Begin XCBuildConfiguration section */
		8E479CFF29CFDA47008162B0 /* Debug */ = {
			isa = XCBuildConfiguration;
			buildSettings = {
				ALWAYS_SEARCH_USER_PATHS = NO;
				CLANG_ANALYZER_NONNULL = YES;
				CLANG_ANALYZER_NUMBER_OBJECT_CONVERSION = YES_AGGRESSIVE;
				CLANG_CXX_LANGUAGE_STANDARD = "gnu++20";
				CLANG_ENABLE_MODULES = YES;
				CLANG_ENABLE_OBJC_ARC = YES;
				CLANG_ENABLE_OBJC_WEAK = YES;
				CLANG_WARN_BLOCK_CAPTURE_AUTORELEASING = YES;
				CLANG_WARN_BOOL_CONVERSION = YES;
				CLANG_WARN_COMMA = YES;
				CLANG_WARN_CONSTANT_CONVERSION = YES;
				CLANG_WARN_DEPRECATED_OBJC_IMPLEMENTATIONS = YES;
				CLANG_WARN_DIRECT_OBJC_ISA_USAGE = YES_ERROR;
				CLANG_WARN_DOCUMENTATION_COMMENTS = YES;
				CLANG_WARN_EMPTY_BODY = YES;
				CLANG_WARN_ENUM_CONVERSION = YES;
				CLANG_WARN_INFINITE_RECURSION = YES;
				CLANG_WARN_INT_CONVERSION = YES;
				CLANG_WARN_NON_LITERAL_NULL_CONVERSION = YES;
				CLANG_WARN_OBJC_IMPLICIT_RETAIN_SELF = YES;
				CLANG_WARN_OBJC_LITERAL_CONVERSION = YES;
				CLANG_WARN_OBJC_ROOT_CLASS = YES_ERROR;
				CLANG_WARN_QUOTED_INCLUDE_IN_FRAMEWORK_HEADER = YES;
				CLANG_WARN_RANGE_LOOP_ANALYSIS = YES;
				CLANG_WARN_STRICT_PROTOTYPES = YES;
				CLANG_WARN_SUSPICIOUS_MOVE = YES;
				CLANG_WARN_UNGUARDED_AVAILABILITY = YES_AGGRESSIVE;
				CLANG_WARN_UNREACHABLE_CODE = YES;
				CLANG_WARN__DUPLICATE_METHOD_MATCH = YES;
				COPY_PHASE_STRIP = NO;
				DEBUG_INFORMATION_FORMAT = dwarf;
				ENABLE_STRICT_OBJC_MSGSEND = YES;
				ENABLE_TESTABILITY = YES;
				GCC_C_LANGUAGE_STANDARD = gnu11;
				GCC_DYNAMIC_NO_PIC = NO;
				GCC_NO_COMMON_BLOCKS = YES;
				GCC_OPTIMIZATION_LEVEL = 0;
				GCC_PREPROCESSOR_DEFINITIONS = (
					"DEBUG=1",
					"$(inherited)",
				);
				GCC_WARN_64_TO_32_BIT_CONVERSION = YES;
				GCC_WARN_ABOUT_RETURN_TYPE = YES_ERROR;
				GCC_WARN_UNDECLARED_SELECTOR = YES;
				GCC_WARN_UNINITIALIZED_AUTOS = YES_AGGRESSIVE;
				GCC_WARN_UNUSED_FUNCTION = YES;
				GCC_WARN_UNUSED_VARIABLE = YES;
				IPHONEOS_DEPLOYMENT_TARGET = 16.2;
				MTL_ENABLE_DEBUG_INFO = INCLUDE_SOURCE;
				MTL_FAST_MATH = YES;
				ONLY_ACTIVE_ARCH = YES;
				SDKROOT = iphoneos;
				SWIFT_ACTIVE_COMPILATION_CONDITIONS = DEBUG;
				SWIFT_OPTIMIZATION_LEVEL = "-Onone";
			};
			name = Debug;
		};
		8E479D0029CFDA47008162B0 /* Release */ = {
			isa = XCBuildConfiguration;
			buildSettings = {
				ALWAYS_SEARCH_USER_PATHS = NO;
				CLANG_ANALYZER_NONNULL = YES;
				CLANG_ANALYZER_NUMBER_OBJECT_CONVERSION = YES_AGGRESSIVE;
				CLANG_CXX_LANGUAGE_STANDARD = "gnu++20";
				CLANG_ENABLE_MODULES = YES;
				CLANG_ENABLE_OBJC_ARC = YES;
				CLANG_ENABLE_OBJC_WEAK = YES;
				CLANG_WARN_BLOCK_CAPTURE_AUTORELEASING = YES;
				CLANG_WARN_BOOL_CONVERSION = YES;
				CLANG_WARN_COMMA = YES;
				CLANG_WARN_CONSTANT_CONVERSION = YES;
				CLANG_WARN_DEPRECATED_OBJC_IMPLEMENTATIONS = YES;
				CLANG_WARN_DIRECT_OBJC_ISA_USAGE = YES_ERROR;
				CLANG_WARN_DOCUMENTATION_COMMENTS = YES;
				CLANG_WARN_EMPTY_BODY = YES;
				CLANG_WARN_ENUM_CONVERSION = YES;
				CLANG_WARN_INFINITE_RECURSION = YES;
				CLANG_WARN_INT_CONVERSION = YES;
				CLANG_WARN_NON_LITERAL_NULL_CONVERSION = YES;
				CLANG_WARN_OBJC_IMPLICIT_RETAIN_SELF = YES;
				CLANG_WARN_OBJC_LITERAL_CONVERSION = YES;
				CLANG_WARN_OBJC_ROOT_CLASS = YES_ERROR;
				CLANG_WARN_QUOTED_INCLUDE_IN_FRAMEWORK_HEADER = YES;
				CLANG_WARN_RANGE_LOOP_ANALYSIS = YES;
				CLANG_WARN_STRICT_PROTOTYPES = YES;
				CLANG_WARN_SUSPICIOUS_MOVE = YES;
				CLANG_WARN_UNGUARDED_AVAILABILITY = YES_AGGRESSIVE;
				CLANG_WARN_UNREACHABLE_CODE = YES;
				CLANG_WARN__DUPLICATE_METHOD_MATCH = YES;
				COPY_PHASE_STRIP = NO;
				DEBUG_INFORMATION_FORMAT = "dwarf-with-dsym";
				ENABLE_NS_ASSERTIONS = NO;
				ENABLE_STRICT_OBJC_MSGSEND = YES;
				GCC_C_LANGUAGE_STANDARD = gnu11;
				GCC_NO_COMMON_BLOCKS = YES;
				GCC_WARN_64_TO_32_BIT_CONVERSION = YES;
				GCC_WARN_ABOUT_RETURN_TYPE = YES_ERROR;
				GCC_WARN_UNDECLARED_SELECTOR = YES;
				GCC_WARN_UNINITIALIZED_AUTOS = YES_AGGRESSIVE;
				GCC_WARN_UNUSED_FUNCTION = YES;
				GCC_WARN_UNUSED_VARIABLE = YES;
				IPHONEOS_DEPLOYMENT_TARGET = 16.2;
				MTL_ENABLE_DEBUG_INFO = NO;
				MTL_FAST_MATH = YES;
				SDKROOT = iphoneos;
				SWIFT_COMPILATION_MODE = wholemodule;
				SWIFT_OPTIMIZATION_LEVEL = "-O";
				VALIDATE_PRODUCT = YES;
			};
			name = Release;
		};
		8E479D0229CFDA47008162B0 /* Debug */ = {
			isa = XCBuildConfiguration;
			buildSettings = {
				ASSETCATALOG_COMPILER_APPICON_NAME = AppIcon;
				ASSETCATALOG_COMPILER_GLOBAL_ACCENT_COLOR_NAME = AccentColor;
				CODE_SIGN_STYLE = Automatic;
				CURRENT_PROJECT_VERSION = 1;
				DEVELOPMENT_ASSET_PATHS = "\"MusicPlayerSwiftUI/Preview Content\"";
				ENABLE_PREVIEWS = YES;
				GENERATE_INFOPLIST_FILE = YES;
				INFOPLIST_KEY_UIApplicationSceneManifest_Generation = YES;
				INFOPLIST_KEY_UIApplicationSupportsIndirectInputEvents = YES;
				INFOPLIST_KEY_UILaunchScreen_Generation = YES;
				INFOPLIST_KEY_UISupportedInterfaceOrientations_iPad = "UIInterfaceOrientationPortrait UIInterfaceOrientationPortraitUpsideDown UIInterfaceOrientationLandscapeLeft UIInterfaceOrientationLandscapeRight";
				INFOPLIST_KEY_UISupportedInterfaceOrientations_iPhone = "UIInterfaceOrientationPortrait UIInterfaceOrientationLandscapeLeft UIInterfaceOrientationLandscapeRight";
				IPHONEOS_DEPLOYMENT_TARGET = 16.2;
				LD_RUNPATH_SEARCH_PATHS = (
					"$(inherited)",
					"@executable_path/Frameworks",
				);
				MARKETING_VERSION = 1.0;
				PRODUCT_BUNDLE_IDENTIFIER = com.TL.MusicPlayerSwiftUI;
				PRODUCT_NAME = "$(TARGET_NAME)";
				SWIFT_EMIT_LOC_STRINGS = YES;
				SWIFT_VERSION = 5.0;
				TARGETED_DEVICE_FAMILY = "1,2";
			};
			name = Debug;
		};
		8E479D0329CFDA47008162B0 /* Release */ = {
			isa = XCBuildConfiguration;
			buildSettings = {
				ASSETCATALOG_COMPILER_APPICON_NAME = AppIcon;
				ASSETCATALOG_COMPILER_GLOBAL_ACCENT_COLOR_NAME = AccentColor;
				CODE_SIGN_STYLE = Automatic;
				CURRENT_PROJECT_VERSION = 1;
				DEVELOPMENT_ASSET_PATHS = "\"MusicPlayerSwiftUI/Preview Content\"";
				ENABLE_PREVIEWS = YES;
				GENERATE_INFOPLIST_FILE = YES;
				INFOPLIST_KEY_UIApplicationSceneManifest_Generation = YES;
				INFOPLIST_KEY_UIApplicationSupportsIndirectInputEvents = YES;
				INFOPLIST_KEY_UILaunchScreen_Generation = YES;
				INFOPLIST_KEY_UISupportedInterfaceOrientations_iPad = "UIInterfaceOrientationPortrait UIInterfaceOrientationPortraitUpsideDown UIInterfaceOrientationLandscapeLeft UIInterfaceOrientationLandscapeRight";
				INFOPLIST_KEY_UISupportedInterfaceOrientations_iPhone = "UIInterfaceOrientationPortrait UIInterfaceOrientationLandscapeLeft UIInterfaceOrientationLandscapeRight";
				IPHONEOS_DEPLOYMENT_TARGET = 16.2;
				LD_RUNPATH_SEARCH_PATHS = (
					"$(inherited)",
					"@executable_path/Frameworks",
				);
				MARKETING_VERSION = 1.0;
				PRODUCT_BUNDLE_IDENTIFIER = com.TL.MusicPlayerSwiftUI;
				PRODUCT_NAME = "$(TARGET_NAME)";
				SWIFT_EMIT_LOC_STRINGS = YES;
				SWIFT_VERSION = 5.0;
				TARGETED_DEVICE_FAMILY = "1,2";
			};
			name = Release;
		};
/* End XCBuildConfiguration section */

/* Begin XCConfigurationList section */
		8E479CEE29CFDA45008162B0 /* Build configuration list for PBXProject "MusicPlayerSwiftUI" */ = {
			isa = XCConfigurationList;
			buildConfigurations = (
				8E479CFF29CFDA47008162B0 /* Debug */,
				8E479D0029CFDA47008162B0 /* Release */,
			);
			defaultConfigurationIsVisible = 0;
			defaultConfigurationName = Release;
		};
		8E479D0129CFDA47008162B0 /* Build configuration list for PBXNativeTarget "MusicPlayerSwiftUI" */ = {
			isa = XCConfigurationList;
			buildConfigurations = (
				8E479D0229CFDA47008162B0 /* Debug */,
				8E479D0329CFDA47008162B0 /* Release */,
			);
			defaultConfigurationIsVisible = 0;
			defaultConfigurationName = Release;
		};
/* End XCConfigurationList section */
	};
	rootObject = 8E479CEB29CFDA45008162B0 /* Project object */;
}
